# This file is automatically @generated by Cargo.
# It is not intended for manual editing.
version = 4

[[package]]
name = "bellman-ford"
version = "0.1.0"
dependencies = [
 "nodes-and-routers",
]

[[package]]
name = "dijkstra"
version = "0.1.0"

[[package]]
name = "nodes-and-routers"
version = "0.1.0"
